// !$*UTF8*$!
{
	archiveVersion = 1;
	classes = {
	};
	objectVersion = 56;
	objects = {

/* Begin PBXBuildFile section */
		26D950E629AA44F40034A065 /* Let’sbreath.swift in Sources */ = {isa = PBXBuildFile; fileRef = 26D950E529AA44F40034A065 /* Let’sbreath.swift */; };
		26D950E829AA45420034A065 /* BreathingView.swift in Sources */ = {isa = PBXBuildFile; fileRef = 26D950E729AA45420034A065 /* BreathingView.swift */; };
		62CACC6329A78F1C00F7CCEB /* AnatAppApp.swift in Sources */ = {isa = PBXBuildFile; fileRef = 62CACC6229A78F1C00F7CCEB /* AnatAppApp.swift */; };
		62CACC6529A78F1C00F7CCEB /* ContentView.swift in Sources */ = {isa = PBXBuildFile; fileRef = 62CACC6429A78F1C00F7CCEB /* ContentView.swift */; };
		62CACC6729A78F1E00F7CCEB /* Assets.xcassets in Resources */ = {isa = PBXBuildFile; fileRef = 62CACC6629A78F1E00F7CCEB /* Assets.xcassets */; };
		62CACC6A29A78F1E00F7CCEB /* Preview Assets.xcassets in Resources */ = {isa = PBXBuildFile; fileRef = 62CACC6929A78F1E00F7CCEB /* Preview Assets.xcassets */; };
		62CACC6C29A78F1E00F7CCEB /* Persistence.swift in Sources */ = {isa = PBXBuildFile; fileRef = 62CACC6B29A78F1E00F7CCEB /* Persistence.swift */; };
		62CACC6F29A78F1E00F7CCEB /* AnatApp.xcdatamodeld in Sources */ = {isa = PBXBuildFile; fileRef = 62CACC6D29A78F1E00F7CCEB /* AnatApp.xcdatamodeld */; };
		62FE977D29A790EF00877B8E /* ContactPickerView.swift in Sources */ = {isa = PBXBuildFile; fileRef = 62FE977C29A790EF00877B8E /* ContactPickerView.swift */; };
		62FE977F29A790FB00877B8E /* ContactRow.swift in Sources */ = {isa = PBXBuildFile; fileRef = 62FE977E29A790FB00877B8E /* ContactRow.swift */; };
		62FE978129A790FF00877B8E /* ContactsProvider.swift in Sources */ = {isa = PBXBuildFile; fileRef = 62FE978029A790FF00877B8E /* ContactsProvider.swift */; };
		62FE978329A7910500877B8E /* Extentions.swift in Sources */ = {isa = PBXBuildFile; fileRef = 62FE978229A7910500877B8E /* Extentions.swift */; };
		62FE978529A7910900877B8E /* Settings.swift in Sources */ = {isa = PBXBuildFile; fileRef = 62FE978429A7910900877B8E /* Settings.swift */; };
		62FE978B29A7918900877B8E /* MainQuestionPage.swift in Sources */ = {isa = PBXBuildFile; fileRef = 62FE978A29A7918900877B8E /* MainQuestionPage.swift */; };
		62FE978D29A7919A00877B8E /* groundingPage.swift in Sources */ = {isa = PBXBuildFile; fileRef = 62FE978C29A7919A00877B8E /* groundingPage.swift */; };
		D2240ADF29AA5026006917D4 /* AddNoteView.swift in Sources */ = {isa = PBXBuildFile; fileRef = D2240ADE29AA5026006917D4 /* AddNoteView.swift */; };
		D2240AE129AA50BF006917D4 /* DynamicFilteredView.swift in Sources */ = {isa = PBXBuildFile; fileRef = D2240AE029AA50BF006917D4 /* DynamicFilteredView.swift */; };
		D2240AE329AA517F006917D4 /* CalendarView.swift in Sources */ = {isa = PBXBuildFile; fileRef = D2240AE229AA517F006917D4 /* CalendarView.swift */; };
		D2240AE529AA5222006917D4 /* DateViewModel.swift in Sources */ = {isa = PBXBuildFile; fileRef = D2240AE429AA5222006917D4 /* DateViewModel.swift */; };
/* End PBXBuildFile section */

/* Begin PBXFileReference section */
		26D950E529AA44F40034A065 /* Let’sbreath.swift */ = {isa = PBXFileReference; lastKnownFileType = sourcecode.swift; path = "Let’sbreath.swift"; sourceTree = "<group>"; };
		26D950E729AA45420034A065 /* BreathingView.swift */ = {isa = PBXFileReference; lastKnownFileType = sourcecode.swift; path = BreathingView.swift; sourceTree = "<group>"; };
		62CACC5F29A78F1C00F7CCEB /* AnatApp.app */ = {isa = PBXFileReference; explicitFileType = wrapper.application; includeInIndex = 0; path = AnatApp.app; sourceTree = BUILT_PRODUCTS_DIR; };
		62CACC6229A78F1C00F7CCEB /* AnatAppApp.swift */ = {isa = PBXFileReference; lastKnownFileType = sourcecode.swift; path = AnatAppApp.swift; sourceTree = "<group>"; };
		62CACC6429A78F1C00F7CCEB /* ContentView.swift */ = {isa = PBXFileReference; lastKnownFileType = sourcecode.swift; path = ContentView.swift; sourceTree = "<group>"; };
		62CACC6629A78F1E00F7CCEB /* Assets.xcassets */ = {isa = PBXFileReference; lastKnownFileType = folder.assetcatalog; path = Assets.xcassets; sourceTree = "<group>"; };
		62CACC6929A78F1E00F7CCEB /* Preview Assets.xcassets */ = {isa = PBXFileReference; lastKnownFileType = folder.assetcatalog; path = "Preview Assets.xcassets"; sourceTree = "<group>"; };
		62CACC6B29A78F1E00F7CCEB /* Persistence.swift */ = {isa = PBXFileReference; lastKnownFileType = sourcecode.swift; path = Persistence.swift; sourceTree = "<group>"; };
		62CACC6E29A78F1E00F7CCEB /* AnatApp.xcdatamodel */ = {isa = PBXFileReference; lastKnownFileType = wrapper.xcdatamodel; path = AnatApp.xcdatamodel; sourceTree = "<group>"; };
		62CACC7029A78F1E00F7CCEB /* Info.plist */ = {isa = PBXFileReference; lastKnownFileType = text.plist.xml; path = Info.plist; sourceTree = "<group>"; };
		62FE977C29A790EF00877B8E /* ContactPickerView.swift */ = {isa = PBXFileReference; fileEncoding = 4; lastKnownFileType = sourcecode.swift; path = ContactPickerView.swift; sourceTree = "<group>"; };
		62FE977E29A790FB00877B8E /* ContactRow.swift */ = {isa = PBXFileReference; fileEncoding = 4; lastKnownFileType = sourcecode.swift; path = ContactRow.swift; sourceTree = "<group>"; };
		62FE978029A790FF00877B8E /* ContactsProvider.swift */ = {isa = PBXFileReference; fileEncoding = 4; lastKnownFileType = sourcecode.swift; path = ContactsProvider.swift; sourceTree = "<group>"; };
		62FE978229A7910500877B8E /* Extentions.swift */ = {isa = PBXFileReference; fileEncoding = 4; lastKnownFileType = sourcecode.swift; path = Extentions.swift; sourceTree = "<group>"; };
		62FE978429A7910900877B8E /* Settings.swift */ = {isa = PBXFileReference; fileEncoding = 4; lastKnownFileType = sourcecode.swift; path = Settings.swift; sourceTree = "<group>"; };
		62FE978A29A7918900877B8E /* MainQuestionPage.swift */ = {isa = PBXFileReference; fileEncoding = 4; lastKnownFileType = sourcecode.swift; path = MainQuestionPage.swift; sourceTree = "<group>"; };
		62FE978C29A7919A00877B8E /* groundingPage.swift */ = {isa = PBXFileReference; fileEncoding = 4; lastKnownFileType = sourcecode.swift; path = groundingPage.swift; sourceTree = "<group>"; };
		D2240ADE29AA5026006917D4 /* AddNoteView.swift */ = {isa = PBXFileReference; lastKnownFileType = sourcecode.swift; path = AddNoteView.swift; sourceTree = "<group>"; };
		D2240AE029AA50BF006917D4 /* DynamicFilteredView.swift */ = {isa = PBXFileReference; lastKnownFileType = sourcecode.swift; path = DynamicFilteredView.swift; sourceTree = "<group>"; };
		D2240AE229AA517F006917D4 /* CalendarView.swift */ = {isa = PBXFileReference; lastKnownFileType = sourcecode.swift; path = CalendarView.swift; sourceTree = "<group>"; };
		D2240AE429AA5222006917D4 /* DateViewModel.swift */ = {isa = PBXFileReference; lastKnownFileType = sourcecode.swift; path = DateViewModel.swift; sourceTree = "<group>"; };
/* End PBXFileReference section */

/* Begin PBXFrameworksBuildPhase section */
		62CACC5C29A78F1C00F7CCEB /* Frameworks */ = {
			isa = PBXFrameworksBuildPhase;
			buildActionMask = 2147483647;
			files = (
			);
			runOnlyForDeploymentPostprocessing = 0;
		};
/* End PBXFrameworksBuildPhase section */

/* Begin PBXGroup section */
		62CACC5629A78F1C00F7CCEB = {
			isa = PBXGroup;
			children = (
				62CACC6129A78F1C00F7CCEB /* AnatApp */,
				62CACC6029A78F1C00F7CCEB /* Products */,
			);
			sourceTree = "<group>";
		};
		62CACC6029A78F1C00F7CCEB /* Products */ = {
			isa = PBXGroup;
			children = (
				62CACC5F29A78F1C00F7CCEB /* AnatApp.app */,
			);
			name = Products;
			sourceTree = "<group>";
		};
		62CACC6129A78F1C00F7CCEB /* AnatApp */ = {
			isa = PBXGroup;
			children = (
				62CACC6229A78F1C00F7CCEB /* AnatAppApp.swift */,
				62CACC6429A78F1C00F7CCEB /* ContentView.swift */,
				26D950E529AA44F40034A065 /* Let’sbreath.swift */,
				26D950E729AA45420034A065 /* BreathingView.swift */,
				62FE978029A790FF00877B8E /* ContactsProvider.swift */,
				62FE977C29A790EF00877B8E /* ContactPickerView.swift */,
				62FE978229A7910500877B8E /* Extentions.swift */,
				62FE978A29A7918900877B8E /* MainQuestionPage.swift */,
				62FE978C29A7919A00877B8E /* groundingPage.swift */,
				62FE978429A7910900877B8E /* Settings.swift */,
				62FE977E29A790FB00877B8E /* ContactRow.swift */,
				D2240ADE29AA5026006917D4 /* AddNoteView.swift */,
				D2240AE029AA50BF006917D4 /* DynamicFilteredView.swift */,
				D2240AE229AA517F006917D4 /* CalendarView.swift */,
				D2240AE429AA5222006917D4 /* DateViewModel.swift */,
				62CACC6629A78F1E00F7CCEB /* Assets.xcassets */,
				62CACC6B29A78F1E00F7CCEB /* Persistence.swift */,
				62CACC7029A78F1E00F7CCEB /* Info.plist */,
				62CACC6D29A78F1E00F7CCEB /* AnatApp.xcdatamodeld */,
				62CACC6829A78F1E00F7CCEB /* Preview Content */,
			);
			path = AnatApp;
			sourceTree = "<group>";
		};
		62CACC6829A78F1E00F7CCEB /* Preview Content */ = {
			isa = PBXGroup;
			children = (
				62CACC6929A78F1E00F7CCEB /* Preview Assets.xcassets */,
			);
			path = "Preview Content";
			sourceTree = "<group>";
		};
/* End PBXGroup section */

/* Begin PBXNativeTarget section */
		62CACC5E29A78F1C00F7CCEB /* AnatApp */ = {
			isa = PBXNativeTarget;
			buildConfigurationList = 62CACC7329A78F1E00F7CCEB /* Build configuration list for PBXNativeTarget "AnatApp" */;
			buildPhases = (
				62CACC5B29A78F1C00F7CCEB /* Sources */,
				62CACC5C29A78F1C00F7CCEB /* Frameworks */,
				62CACC5D29A78F1C00F7CCEB /* Resources */,
			);
			buildRules = (
			);
			dependencies = (
			);
			name = AnatApp;
			productName = AnatApp;
			productReference = 62CACC5F29A78F1C00F7CCEB /* AnatApp.app */;
			productType = "com.apple.product-type.application";
		};
/* End PBXNativeTarget section */

/* Begin PBXProject section */
		62CACC5729A78F1C00F7CCEB /* Project object */ = {
			isa = PBXProject;
			attributes = {
				BuildIndependentTargetsInParallel = 1;
				LastSwiftUpdateCheck = 1420;
				LastUpgradeCheck = 1420;
				TargetAttributes = {
					62CACC5E29A78F1C00F7CCEB = {
						CreatedOnToolsVersion = 14.2;
					};
				};
			};
			buildConfigurationList = 62CACC5A29A78F1C00F7CCEB /* Build configuration list for PBXProject "AnatApp" */;
			compatibilityVersion = "Xcode 14.0";
			developmentRegion = en;
			hasScannedForEncodings = 0;
			knownRegions = (
				en,
				Base,
			);
			mainGroup = 62CACC5629A78F1C00F7CCEB;
			productRefGroup = 62CACC6029A78F1C00F7CCEB /* Products */;
			projectDirPath = "";
			projectRoot = "";
			targets = (
				62CACC5E29A78F1C00F7CCEB /* AnatApp */,
			);
		};
/* End PBXProject section */

/* Begin PBXResourcesBuildPhase section */
		62CACC5D29A78F1C00F7CCEB /* Resources */ = {
			isa = PBXResourcesBuildPhase;
			buildActionMask = 2147483647;
			files = (
				62CACC6A29A78F1E00F7CCEB /* Preview Assets.xcassets in Resources */,
				62CACC6729A78F1E00F7CCEB /* Assets.xcassets in Resources */,
			);
			runOnlyForDeploymentPostprocessing = 0;
		};
/* End PBXResourcesBuildPhase section */

/* Begin PBXSourcesBuildPhase section */
		62CACC5B29A78F1C00F7CCEB /* Sources */ = {
			isa = PBXSourcesBuildPhase;
			buildActionMask = 2147483647;
			files = (
				D2240AE129AA50BF006917D4 /* DynamicFilteredView.swift in Sources */,
				62FE977D29A790EF00877B8E /* ContactPickerView.swift in Sources */,
				D2240AE329AA517F006917D4 /* CalendarView.swift in Sources */,
				62CACC6C29A78F1E00F7CCEB /* Persistence.swift in Sources */,
				62CACC6F29A78F1E00F7CCEB /* AnatApp.xcdatamodeld in Sources */,
				26D950E629AA44F40034A065 /* Let’sbreath.swift in Sources */,
				62FE978D29A7919A00877B8E /* groundingPage.swift in Sources */,
				62CACC6529A78F1C00F7CCEB /* ContentView.swift in Sources */,
				62FE978329A7910500877B8E /* Extentions.swift in Sources */,
				62FE978129A790FF00877B8E /* ContactsProvider.swift in Sources */,
				26D950E829AA45420034A065 /* BreathingView.swift in Sources */,
				62FE978529A7910900877B8E /* Settings.swift in Sources */,
				62CACC6329A78F1C00F7CCEB /* AnatAppApp.swift in Sources */,
				62FE977F29A790FB00877B8E /* ContactRow.swift in Sources */,
				D2240ADF29AA5026006917D4 /* AddNoteView.swift in Sources */,
				D2240AE529AA5222006917D4 /* DateViewModel.swift in Sources */,
				62FE978B29A7918900877B8E /* MainQuestionPage.swift in Sources */,
			);
			runOnlyForDeploymentPostprocessing = 0;
		};
/* End PBXSourcesBuildPhase section */

/* Begin XCBuildConfiguration section */
		62CACC7129A78F1E00F7CCEB /* Debug */ = {
			isa = XCBuildConfiguration;
			buildSettings = {
				ALWAYS_SEARCH_USER_PATHS = NO;
				CLANG_ANALYZER_NONNULL = YES;
				CLANG_ANALYZER_NUMBER_OBJECT_CONVERSION = YES_AGGRESSIVE;
				CLANG_CXX_LANGUAGE_STANDARD = "gnu++20";
				CLANG_ENABLE_MODULES = YES;
				CLANG_ENABLE_OBJC_ARC = YES;
				CLANG_ENABLE_OBJC_WEAK = YES;
				CLANG_WARN_BLOCK_CAPTURE_AUTORELEASING = YES;
				CLANG_WARN_BOOL_CONVERSION = YES;
				CLANG_WARN_COMMA = YES;
				CLANG_WARN_CONSTANT_CONVERSION = YES;
				CLANG_WARN_DEPRECATED_OBJC_IMPLEMENTATIONS = YES;
				CLANG_WARN_DIRECT_OBJC_ISA_USAGE = YES_ERROR;
				CLANG_WARN_DOCUMENTATION_COMMENTS = YES;
				CLANG_WARN_EMPTY_BODY = YES;
				CLANG_WARN_ENUM_CONVERSION = YES;
				CLANG_WARN_INFINITE_RECURSION = YES;
				CLANG_WARN_INT_CONVERSION = YES;
				CLANG_WARN_NON_LITERAL_NULL_CONVERSION = YES;
				CLANG_WARN_OBJC_IMPLICIT_RETAIN_SELF = YES;
				CLANG_WARN_OBJC_LITERAL_CONVERSION = YES;
				CLANG_WARN_OBJC_ROOT_CLASS = YES_ERROR;
				CLANG_WARN_QUOTED_INCLUDE_IN_FRAMEWORK_HEADER = YES;
				CLANG_WARN_RANGE_LOOP_ANALYSIS = YES;
				CLANG_WARN_STRICT_PROTOTYPES = YES;
				CLANG_WARN_SUSPICIOUS_MOVE = YES;
				CLANG_WARN_UNGUARDED_AVAILABILITY = YES_AGGRESSIVE;
				CLANG_WARN_UNREACHABLE_CODE = YES;
				CLANG_WARN__DUPLICATE_METHOD_MATCH = YES;
				COPY_PHASE_STRIP = NO;
				DEBUG_INFORMATION_FORMAT = dwarf;
				ENABLE_STRICT_OBJC_MSGSEND = YES;
				ENABLE_TESTABILITY = YES;
				GCC_C_LANGUAGE_STANDARD = gnu11;
				GCC_DYNAMIC_NO_PIC = NO;
				GCC_NO_COMMON_BLOCKS = YES;
				GCC_OPTIMIZATION_LEVEL = 0;
				GCC_PREPROCESSOR_DEFINITIONS = (
					"DEBUG=1",
					"$(inherited)",
				);
				GCC_WARN_64_TO_32_BIT_CONVERSION = YES;
				GCC_WARN_ABOUT_RETURN_TYPE = YES_ERROR;
				GCC_WARN_UNDECLARED_SELECTOR = YES;
				GCC_WARN_UNINITIALIZED_AUTOS = YES_AGGRESSIVE;
				GCC_WARN_UNUSED_FUNCTION = YES;
				GCC_WARN_UNUSED_VARIABLE = YES;
				IPHONEOS_DEPLOYMENT_TARGET = 16.2;
				MTL_ENABLE_DEBUG_INFO = INCLUDE_SOURCE;
				MTL_FAST_MATH = YES;
				ONLY_ACTIVE_ARCH = YES;
				SDKROOT = iphoneos;
				SWIFT_ACTIVE_COMPILATION_CONDITIONS = DEBUG;
				SWIFT_OPTIMIZATION_LEVEL = "-Onone";
			};
			name = Debug;
		};
		62CACC7229A78F1E00F7CCEB /* Release */ = {
			isa = XCBuildConfiguration;
			buildSettings = {
				ALWAYS_SEARCH_USER_PATHS = NO;
				CLANG_ANALYZER_NONNULL = YES;
				CLANG_ANALYZER_NUMBER_OBJECT_CONVERSION = YES_AGGRESSIVE;
				CLANG_CXX_LANGUAGE_STANDARD = "gnu++20";
				CLANG_ENABLE_MODULES = YES;
				CLANG_ENABLE_OBJC_ARC = YES;
				CLANG_ENABLE_OBJC_WEAK = YES;
				CLANG_WARN_BLOCK_CAPTURE_AUTORELEASING = YES;
				CLANG_WARN_BOOL_CONVERSION = YES;
				CLANG_WARN_COMMA = YES;
				CLANG_WARN_CONSTANT_CONVERSION = YES;
				CLANG_WARN_DEPRECATED_OBJC_IMPLEMENTATIONS = YES;
				CLANG_WARN_DIRECT_OBJC_ISA_USAGE = YES_ERROR;
				CLANG_WARN_DOCUMENTATION_COMMENTS = YES;
				CLANG_WARN_EMPTY_BODY = YES;
				CLANG_WARN_ENUM_CONVERSION = YES;
				CLANG_WARN_INFINITE_RECURSION = YES;
				CLANG_WARN_INT_CONVERSION = YES;
				CLANG_WARN_NON_LITERAL_NULL_CONVERSION = YES;
				CLANG_WARN_OBJC_IMPLICIT_RETAIN_SELF = YES;
				CLANG_WARN_OBJC_LITERAL_CONVERSION = YES;
				CLANG_WARN_OBJC_ROOT_CLASS = YES_ERROR;
				CLANG_WARN_QUOTED_INCLUDE_IN_FRAMEWORK_HEADER = YES;
				CLANG_WARN_RANGE_LOOP_ANALYSIS = YES;
				CLANG_WARN_STRICT_PROTOTYPES = YES;
				CLANG_WARN_SUSPICIOUS_MOVE = YES;
				CLANG_WARN_UNGUARDED_AVAILABILITY = YES_AGGRESSIVE;
				CLANG_WARN_UNREACHABLE_CODE = YES;
				CLANG_WARN__DUPLICATE_METHOD_MATCH = YES;
				COPY_PHASE_STRIP = NO;
				DEBUG_INFORMATION_FORMAT = "dwarf-with-dsym";
				ENABLE_NS_ASSERTIONS = NO;
				ENABLE_STRICT_OBJC_MSGSEND = YES;
				GCC_C_LANGUAGE_STANDARD = gnu11;
				GCC_NO_COMMON_BLOCKS = YES;
				GCC_WARN_64_TO_32_BIT_CONVERSION = YES;
				GCC_WARN_ABOUT_RETURN_TYPE = YES_ERROR;
				GCC_WARN_UNDECLARED_SELECTOR = YES;
				GCC_WARN_UNINITIALIZED_AUTOS = YES_AGGRESSIVE;
				GCC_WARN_UNUSED_FUNCTION = YES;
				GCC_WARN_UNUSED_VARIABLE = YES;
				IPHONEOS_DEPLOYMENT_TARGET = 16.2;
				MTL_ENABLE_DEBUG_INFO = NO;
				MTL_FAST_MATH = YES;
				SDKROOT = iphoneos;
				SWIFT_COMPILATION_MODE = wholemodule;
				SWIFT_OPTIMIZATION_LEVEL = "-O";
				VALIDATE_PRODUCT = YES;
			};
			name = Release;
		};
		62CACC7429A78F1E00F7CCEB /* Debug */ = {
			isa = XCBuildConfiguration;
			buildSettings = {
				ASSETCATALOG_COMPILER_APPICON_NAME = AppIcon;
				ASSETCATALOG_COMPILER_GLOBAL_ACCENT_COLOR_NAME = AccentColor;
				CODE_SIGN_STYLE = Automatic;
				CURRENT_PROJECT_VERSION = 1;
				DEVELOPMENT_ASSET_PATHS = "\"AnatApp/Preview Content\"";
				DEVELOPMENT_TEAM = TSQFGQSG85;
				ENABLE_PREVIEWS = YES;
				GENERATE_INFOPLIST_FILE = YES;
				INFOPLIST_KEY_NSContactsUsageDescription = "allow contact acsess to reach your loved ones quicker";
				INFOPLIST_KEY_UIApplicationSceneManifest_Generation = YES;
				INFOPLIST_KEY_UIApplicationSupportsIndirectInputEvents = YES;
				INFOPLIST_KEY_UILaunchScreen_Generation = YES;
				INFOPLIST_KEY_UISupportedInterfaceOrientations_iPad = "UIInterfaceOrientationPortrait UIInterfaceOrientationPortraitUpsideDown UIInterfaceOrientationLandscapeLeft UIInterfaceOrientationLandscapeRight";
				INFOPLIST_KEY_UISupportedInterfaceOrientations_iPhone = "UIInterfaceOrientationPortrait UIInterfaceOrientationLandscapeLeft UIInterfaceOrientationLandscapeRight";
				LD_RUNPATH_SEARCH_PATHS = (
					"$(inherited)",
					"@executable_path/Frameworks",
				);
				MARKETING_VERSION = 1.0;
				PRODUCT_BUNDLE_IDENTIFIER = com.MashaelAlghunaim.AnatApp;
				PRODUCT_NAME = "$(TARGET_NAME)";
				SWIFT_EMIT_LOC_STRINGS = YES;
				SWIFT_VERSION = 5.0;
				TARGETED_DEVICE_FAMILY = "1,2";
			};
			name = Debug;
		};
		62CACC7529A78F1E00F7CCEB /* Release */ = {
			isa = XCBuildConfiguration;
			buildSettings = {
				ASSETCATALOG_COMPILER_APPICON_NAME = AppIcon;
				ASSETCATALOG_COMPILER_GLOBAL_ACCENT_COLOR_NAME = AccentColor;
				CODE_SIGN_STYLE = Automatic;
				CURRENT_PROJECT_VERSION = 1;
				DEVELOPMENT_ASSET_PATHS = "\"AnatApp/Preview Content\"";
				DEVELOPMENT_TEAM = TSQFGQSG85;
				ENABLE_PREVIEWS = YES;
				GENERATE_INFOPLIST_FILE = YES;
				INFOPLIST_KEY_NSContactsUsageDescription = "allow contact acsess to reach your loved ones quicker";
				INFOPLIST_KEY_UIApplicationSceneManifest_Generation = YES;
				INFOPLIST_KEY_UIApplicationSupportsIndirectInputEvents = YES;
				INFOPLIST_KEY_UILaunchScreen_Generation = YES;
				INFOPLIST_KEY_UISupportedInterfaceOrientations_iPad = "UIInterfaceOrientationPortrait UIInterfaceOrientationPortraitUpsideDown UIInterfaceOrientationLandscapeLeft UIInterfaceOrientationLandscapeRight";
				INFOPLIST_KEY_UISupportedInterfaceOrientations_iPhone = "UIInterfaceOrientationPortrait UIInterfaceOrientationLandscapeLeft UIInterfaceOrientationLandscapeRight";
				LD_RUNPATH_SEARCH_PATHS = (
					"$(inherited)",
					"@executable_path/Frameworks",
				);
				MARKETING_VERSION = 1.0;
				PRODUCT_BUNDLE_IDENTIFIER = com.MashaelAlghunaim.AnatApp;
				PRODUCT_NAME = "$(TARGET_NAME)";
				SWIFT_EMIT_LOC_STRINGS = YES;
				SWIFT_VERSION = 5.0;
				TARGETED_DEVICE_FAMILY = "1,2";
			};
			name = Release;
		};
/* End XCBuildConfiguration section */

/* Begin XCConfigurationList section */
		62CACC5A29A78F1C00F7CCEB /* Build configuration list for PBXProject "AnatApp" */ = {
			isa = XCConfigurationList;
			buildConfigurations = (
				62CACC7129A78F1E00F7CCEB /* Debug */,
				62CACC7229A78F1E00F7CCEB /* Release */,
			);
			defaultConfigurationIsVisible = 0;
			defaultConfigurationName = Release;
		};
		62CACC7329A78F1E00F7CCEB /* Build configuration list for PBXNativeTarget "AnatApp" */ = {
			isa = XCConfigurationList;
			buildConfigurations = (
				62CACC7429A78F1E00F7CCEB /* Debug */,
				62CACC7529A78F1E00F7CCEB /* Release */,
			);
			defaultConfigurationIsVisible = 0;
			defaultConfigurationName = Release;
		};
/* End XCConfigurationList section */

/* Begin XCVersionGroup section */
		62CACC6D29A78F1E00F7CCEB /* AnatApp.xcdatamodeld */ = {
			isa = XCVersionGroup;
			children = (
				62CACC6E29A78F1E00F7CCEB /* AnatApp.xcdatamodel */,
			);
			currentVersion = 62CACC6E29A78F1E00F7CCEB /* AnatApp.xcdatamodel */;
			path = AnatApp.xcdatamodeld;
			sourceTree = "<group>";
			versionGroupType = wrapper.xcdatamodel;
		};
/* End XCVersionGroup section */
	};
	rootObject = 62CACC5729A78F1C00F7CCEB /* Project object */;
}
